// !$*UTF8*$!
{
	archiveVersion = 1;
	classes = {
	};
	objectVersion = 51;
	objects = {

/* Begin PBXBuildFile section */
		5F252B55232F79AB0050546E /* Itinerary.swift in Sources */ = {isa = PBXBuildFile; fileRef = 5F252B54232F79AB0050546E /* Itinerary.swift */; };
		5F6BAB5B2338FBC90089D5A8 /* TransitItineraryController.swift in Sources */ = {isa = PBXBuildFile; fileRef = 5F6BAB5A2338FBC90089D5A8 /* TransitItineraryController.swift */; };
		5F6BAB5D233A3B5B0089D5A8 /* TransitLineColorsList.swift in Sources */ = {isa = PBXBuildFile; fileRef = 5F6BAB5C233A3B5B0089D5A8 /* TransitLineColorsList.swift */; };
		5F6BAB5F233A41570089D5A8 /* TransitLineControl.swift in Sources */ = {isa = PBXBuildFile; fileRef = 5F6BAB5E233A41570089D5A8 /* TransitLineControl.swift */; };
		5F6BAB62233A46430089D5A8 /* UIColor+HexInit.swift in Sources */ = {isa = PBXBuildFile; fileRef = 5F6BAB61233A46430089D5A8 /* UIColor+HexInit.swift */; };
		5F6BAB64233A60670089D5A8 /* TransitLine.swift in Sources */ = {isa = PBXBuildFile; fileRef = 5F6BAB63233A60670089D5A8 /* TransitLine.swift */; };
		5F713ADC2333A3B300C2C8CC /* Network.swift in Sources */ = {isa = PBXBuildFile; fileRef = 5F713ADB2333A3B300C2C8CC /* Network.swift */; };
		5F713ADE2333A75900C2C8CC /* CarItinerary.swift in Sources */ = {isa = PBXBuildFile; fileRef = 5F713ADD2333A75900C2C8CC /* CarItinerary.swift */; };
		5F713AE02333A77400C2C8CC /* TransitItinerary.swift in Sources */ = {isa = PBXBuildFile; fileRef = 5F713ADF2333A77400C2C8CC /* TransitItinerary.swift */; };
		5F713AE32333AFDB00C2C8CC /* TransitWebService.swift in Sources */ = {isa = PBXBuildFile; fileRef = 5F713AE22333AFDB00C2C8CC /* TransitWebService.swift */; };
		5F713AE82333B04B00C2C8CC /* CarWebService.swift in Sources */ = {isa = PBXBuildFile; fileRef = 5F713AE72333B04B00C2C8CC /* CarWebService.swift */; };
		5FA66EF9231FA92700A23B14 /* AppDelegate.swift in Sources */ = {isa = PBXBuildFile; fileRef = 5FA66EF8231FA92700A23B14 /* AppDelegate.swift */; };
		5FA66EFB231FA92700A23B14 /* SceneDelegate.swift in Sources */ = {isa = PBXBuildFile; fileRef = 5FA66EFA231FA92700A23B14 /* SceneDelegate.swift */; };
		5FA66EFD231FA92700A23B14 /* MapViewController.swift in Sources */ = {isa = PBXBuildFile; fileRef = 5FA66EFC231FA92700A23B14 /* MapViewController.swift */; };
		5FA66F00231FA92700A23B14 /* Main.storyboard in Resources */ = {isa = PBXBuildFile; fileRef = 5FA66EFE231FA92700A23B14 /* Main.storyboard */; };
		5FA66F02231FA92A00A23B14 /* Assets.xcassets in Resources */ = {isa = PBXBuildFile; fileRef = 5FA66F01231FA92A00A23B14 /* Assets.xcassets */; };
		5FA66F05231FA92A00A23B14 /* LaunchScreen.storyboard in Resources */ = {isa = PBXBuildFile; fileRef = 5FA66F03231FA92A00A23B14 /* LaunchScreen.storyboard */; };
		5FA66F10231FA92A00A23B14 /* tdb_propositionSolutionTests.swift in Sources */ = {isa = PBXBuildFile; fileRef = 5FA66F0F231FA92A00A23B14 /* tdb_propositionSolutionTests.swift */; };
		5FADAC302327E16D00316A55 /* Location.swift in Sources */ = {isa = PBXBuildFile; fileRef = 5FADAC2F2327E16D00316A55 /* Location.swift */; };
		5FADAC342327E5CA00316A55 /* LocationTableViewCell.swift in Sources */ = {isa = PBXBuildFile; fileRef = 5FADAC332327E5CA00316A55 /* LocationTableViewCell.swift */; };
		5FADAC3823291C1D00316A55 /* LocationTableViewController.swift in Sources */ = {isa = PBXBuildFile; fileRef = 5FADAC3723291C1D00316A55 /* LocationTableViewController.swift */; };
		5FB3B4422334C06300205719 /* TransitItinerariesList.swift in Sources */ = {isa = PBXBuildFile; fileRef = 5FB3B4412334C06300205719 /* TransitItinerariesList.swift */; };
		5FB3B4442334C83B00205719 /* CarItinerariesList.swift in Sources */ = {isa = PBXBuildFile; fileRef = 5FB3B4432334C83B00205719 /* CarItinerariesList.swift */; };
		5FB3B4462334C84D00205719 /* ItinerariesList.swift in Sources */ = {isa = PBXBuildFile; fileRef = 5FB3B4452334C84D00205719 /* ItinerariesList.swift */; };
		5FB3B4482334E65100205719 /* ItinerariesViewController.swift in Sources */ = {isa = PBXBuildFile; fileRef = 5FB3B4472334E65100205719 /* ItinerariesViewController.swift */; };
		5FB3B44A2335023500205719 /* GoButtonControl.swift in Sources */ = {isa = PBXBuildFile; fileRef = 5FB3B4492335023400205719 /* GoButtonControl.swift */; };
		5FB3B44C23350CC900205719 /* TransitItinerariesTableViewController.swift in Sources */ = {isa = PBXBuildFile; fileRef = 5FB3B44B23350CC900205719 /* TransitItinerariesTableViewController.swift */; };
		5FB3B44E23350D1200205719 /* TransitItineraryTableViewCell.swift in Sources */ = {isa = PBXBuildFile; fileRef = 5FB3B44D23350D1200205719 /* TransitItineraryTableViewCell.swift */; };
		5FFA4528233B805900EB2237 /* TransitStepControl.swift in Sources */ = {isa = PBXBuildFile; fileRef = 5F6BAB562338BB780089D5A8 /* TransitStepControl.swift */; };
		B7679560919645BD498EE909 /* Pods_tdb_propositionSolution.framework in Frameworks */ = {isa = PBXBuildFile; fileRef = 8900154E9FF7D018425BC509 /* Pods_tdb_propositionSolution.framework */; };
/* End PBXBuildFile section */

/* Begin PBXContainerItemProxy section */
		5FA66F0C231FA92A00A23B14 /* PBXContainerItemProxy */ = {
			isa = PBXContainerItemProxy;
			containerPortal = 5FA66EED231FA92700A23B14 /* Project object */;
			proxyType = 1;
			remoteGlobalIDString = 5FA66EF4231FA92700A23B14;
			remoteInfo = tdb_propositionSolution;
		};
/* End PBXContainerItemProxy section */

/* Begin PBXFileReference section */
		5F252B54232F79AB0050546E /* Itinerary.swift */ = {isa = PBXFileReference; lastKnownFileType = sourcecode.swift; path = Itinerary.swift; sourceTree = "<group>"; };
		5F6BAB562338BB780089D5A8 /* TransitStepControl.swift */ = {isa = PBXFileReference; lastKnownFileType = sourcecode.swift; path = TransitStepControl.swift; sourceTree = "<group>"; };
		5F6BAB5A2338FBC90089D5A8 /* TransitItineraryController.swift */ = {isa = PBXFileReference; lastKnownFileType = sourcecode.swift; path = TransitItineraryController.swift; sourceTree = "<group>"; };
		5F6BAB5C233A3B5B0089D5A8 /* TransitLineColorsList.swift */ = {isa = PBXFileReference; lastKnownFileType = sourcecode.swift; path = TransitLineColorsList.swift; sourceTree = "<group>"; };
		5F6BAB5E233A41570089D5A8 /* TransitLineControl.swift */ = {isa = PBXFileReference; lastKnownFileType = sourcecode.swift; path = TransitLineControl.swift; sourceTree = "<group>"; };
		5F6BAB61233A46430089D5A8 /* UIColor+HexInit.swift */ = {isa = PBXFileReference; lastKnownFileType = sourcecode.swift; path = "UIColor+HexInit.swift"; sourceTree = "<group>"; };
		5F6BAB63233A60670089D5A8 /* TransitLine.swift */ = {isa = PBXFileReference; lastKnownFileType = sourcecode.swift; path = TransitLine.swift; sourceTree = "<group>"; };
		5F713ADB2333A3B300C2C8CC /* Network.swift */ = {isa = PBXFileReference; lastKnownFileType = sourcecode.swift; path = Network.swift; sourceTree = "<group>"; };
		5F713ADD2333A75900C2C8CC /* CarItinerary.swift */ = {isa = PBXFileReference; lastKnownFileType = sourcecode.swift; path = CarItinerary.swift; sourceTree = "<group>"; };
		5F713ADF2333A77400C2C8CC /* TransitItinerary.swift */ = {isa = PBXFileReference; lastKnownFileType = sourcecode.swift; path = TransitItinerary.swift; sourceTree = "<group>"; };
		5F713AE22333AFDB00C2C8CC /* TransitWebService.swift */ = {isa = PBXFileReference; lastKnownFileType = sourcecode.swift; path = TransitWebService.swift; sourceTree = "<group>"; };
		5F713AE72333B04B00C2C8CC /* CarWebService.swift */ = {isa = PBXFileReference; lastKnownFileType = sourcecode.swift; path = CarWebService.swift; sourceTree = "<group>"; };
		5FA66EF5231FA92700A23B14 /* tdb_propositionSolution.app */ = {isa = PBXFileReference; explicitFileType = wrapper.application; includeInIndex = 0; path = tdb_propositionSolution.app; sourceTree = BUILT_PRODUCTS_DIR; };
		5FA66EF8231FA92700A23B14 /* AppDelegate.swift */ = {isa = PBXFileReference; lastKnownFileType = sourcecode.swift; path = AppDelegate.swift; sourceTree = "<group>"; };
		5FA66EFA231FA92700A23B14 /* SceneDelegate.swift */ = {isa = PBXFileReference; lastKnownFileType = sourcecode.swift; path = SceneDelegate.swift; sourceTree = "<group>"; };
		5FA66EFC231FA92700A23B14 /* MapViewController.swift */ = {isa = PBXFileReference; lastKnownFileType = sourcecode.swift; path = MapViewController.swift; sourceTree = "<group>"; };
		5FA66EFF231FA92700A23B14 /* Base */ = {isa = PBXFileReference; lastKnownFileType = file.storyboard; name = Base; path = Base.lproj/Main.storyboard; sourceTree = "<group>"; };
		5FA66F01231FA92A00A23B14 /* Assets.xcassets */ = {isa = PBXFileReference; lastKnownFileType = folder.assetcatalog; path = Assets.xcassets; sourceTree = "<group>"; };
		5FA66F04231FA92A00A23B14 /* Base */ = {isa = PBXFileReference; lastKnownFileType = file.storyboard; name = Base; path = Base.lproj/LaunchScreen.storyboard; sourceTree = "<group>"; };
		5FA66F06231FA92A00A23B14 /* Info.plist */ = {isa = PBXFileReference; lastKnownFileType = text.plist.xml; path = Info.plist; sourceTree = "<group>"; };
		5FA66F0B231FA92A00A23B14 /* tdb_propositionSolutionTests.xctest */ = {isa = PBXFileReference; explicitFileType = wrapper.cfbundle; includeInIndex = 0; path = tdb_propositionSolutionTests.xctest; sourceTree = BUILT_PRODUCTS_DIR; };
		5FA66F0F231FA92A00A23B14 /* tdb_propositionSolutionTests.swift */ = {isa = PBXFileReference; lastKnownFileType = sourcecode.swift; path = tdb_propositionSolutionTests.swift; sourceTree = "<group>"; };
		5FA66F11231FA92A00A23B14 /* Info.plist */ = {isa = PBXFileReference; lastKnownFileType = text.plist.xml; path = Info.plist; sourceTree = "<group>"; };
		5FADAC2F2327E16D00316A55 /* Location.swift */ = {isa = PBXFileReference; lastKnownFileType = sourcecode.swift; path = Location.swift; sourceTree = "<group>"; };
		5FADAC332327E5CA00316A55 /* LocationTableViewCell.swift */ = {isa = PBXFileReference; lastKnownFileType = sourcecode.swift; path = LocationTableViewCell.swift; sourceTree = "<group>"; };
		5FADAC3723291C1D00316A55 /* LocationTableViewController.swift */ = {isa = PBXFileReference; lastKnownFileType = sourcecode.swift; path = LocationTableViewController.swift; sourceTree = "<group>"; };
		5FB3B4412334C06300205719 /* TransitItinerariesList.swift */ = {isa = PBXFileReference; lastKnownFileType = sourcecode.swift; path = TransitItinerariesList.swift; sourceTree = "<group>"; };
		5FB3B4432334C83B00205719 /* CarItinerariesList.swift */ = {isa = PBXFileReference; lastKnownFileType = sourcecode.swift; path = CarItinerariesList.swift; sourceTree = "<group>"; };
		5FB3B4452334C84D00205719 /* ItinerariesList.swift */ = {isa = PBXFileReference; lastKnownFileType = sourcecode.swift; path = ItinerariesList.swift; sourceTree = "<group>"; };
		5FB3B4472334E65100205719 /* ItinerariesViewController.swift */ = {isa = PBXFileReference; lastKnownFileType = sourcecode.swift; path = ItinerariesViewController.swift; sourceTree = "<group>"; };
		5FB3B4492335023400205719 /* GoButtonControl.swift */ = {isa = PBXFileReference; lastKnownFileType = sourcecode.swift; path = GoButtonControl.swift; sourceTree = "<group>"; };
		5FB3B44B23350CC900205719 /* TransitItinerariesTableViewController.swift */ = {isa = PBXFileReference; lastKnownFileType = sourcecode.swift; path = TransitItinerariesTableViewController.swift; sourceTree = "<group>"; };
		5FB3B44D23350D1200205719 /* TransitItineraryTableViewCell.swift */ = {isa = PBXFileReference; lastKnownFileType = sourcecode.swift; path = TransitItineraryTableViewCell.swift; sourceTree = "<group>"; };
		8900154E9FF7D018425BC509 /* Pods_tdb_propositionSolution.framework */ = {isa = PBXFileReference; explicitFileType = wrapper.framework; includeInIndex = 0; path = Pods_tdb_propositionSolution.framework; sourceTree = BUILT_PRODUCTS_DIR; };
		B12E3DFF918C50BCBEE28DD1 /* Pods-tdb_propositionSolution.release.xcconfig */ = {isa = PBXFileReference; includeInIndex = 1; lastKnownFileType = text.xcconfig; name = "Pods-tdb_propositionSolution.release.xcconfig"; path = "Target Support Files/Pods-tdb_propositionSolution/Pods-tdb_propositionSolution.release.xcconfig"; sourceTree = "<group>"; };
		B1E66023352F09DCBF2E7F16 /* Pods-tdb_propositionSolution.debug.xcconfig */ = {isa = PBXFileReference; includeInIndex = 1; lastKnownFileType = text.xcconfig; name = "Pods-tdb_propositionSolution.debug.xcconfig"; path = "Target Support Files/Pods-tdb_propositionSolution/Pods-tdb_propositionSolution.debug.xcconfig"; sourceTree = "<group>"; };
/* End PBXFileReference section */

/* Begin PBXFrameworksBuildPhase section */
		5FA66EF2231FA92700A23B14 /* Frameworks */ = {
			isa = PBXFrameworksBuildPhase;
			buildActionMask = 2147483647;
			files = (
				B7679560919645BD498EE909 /* Pods_tdb_propositionSolution.framework in Frameworks */,
			);
			runOnlyForDeploymentPostprocessing = 0;
		};
		5FA66F08231FA92A00A23B14 /* Frameworks */ = {
			isa = PBXFrameworksBuildPhase;
			buildActionMask = 2147483647;
			files = (
			);
			runOnlyForDeploymentPostprocessing = 0;
		};
/* End PBXFrameworksBuildPhase section */

/* Begin PBXGroup section */
		420DDE9EAB0449B3967C4622 /* Pods */ = {
			isa = PBXGroup;
			children = (
				B1E66023352F09DCBF2E7F16 /* Pods-tdb_propositionSolution.debug.xcconfig */,
				B12E3DFF918C50BCBEE28DD1 /* Pods-tdb_propositionSolution.release.xcconfig */,
			);
			path = Pods;
			sourceTree = "<group>";
		};
		574C96907A66F9744D322A51 /* Frameworks */ = {
			isa = PBXGroup;
			children = (
				8900154E9FF7D018425BC509 /* Pods_tdb_propositionSolution.framework */,
			);
			name = Frameworks;
			sourceTree = "<group>";
		};
		5F6BAB60233A46150089D5A8 /* Extensions */ = {
			isa = PBXGroup;
			children = (
				5F6BAB61233A46430089D5A8 /* UIColor+HexInit.swift */,
			);
			path = Extensions;
			sourceTree = "<group>";
		};
		5F713AD82333A14C00C2C8CC /* Controllers */ = {
			isa = PBXGroup;
			children = (
				5FA66EFC231FA92700A23B14 /* MapViewController.swift */,
				5FADAC3723291C1D00316A55 /* LocationTableViewController.swift */,
				5FB3B4472334E65100205719 /* ItinerariesViewController.swift */,
				5FB3B44B23350CC900205719 /* TransitItinerariesTableViewController.swift */,
				5F6BAB5A2338FBC90089D5A8 /* TransitItineraryController.swift */,
			);
			path = Controllers;
			sourceTree = "<group>";
		};
		5F713AD92333A17900C2C8CC /* Ressources */ = {
			isa = PBXGroup;
			children = (
				5FA66EFE231FA92700A23B14 /* Main.storyboard */,
				5FA66F01231FA92A00A23B14 /* Assets.xcassets */,
				5FA66F03231FA92A00A23B14 /* LaunchScreen.storyboard */,
			);
			path = Ressources;
			sourceTree = "<group>";
		};
		5F713ADA2333A19E00C2C8CC /* Supporting files */ = {
			isa = PBXGroup;
			children = (
				5FA66F06231FA92A00A23B14 /* Info.plist */,
			);
			path = "Supporting files";
			sourceTree = "<group>";
		};
		5F713AE62333B01200C2C8CC /* Data sources */ = {
			isa = PBXGroup;
			children = (
				5F713ADB2333A3B300C2C8CC /* Network.swift */,
				5F713AE72333B04B00C2C8CC /* CarWebService.swift */,
				5F713AE22333AFDB00C2C8CC /* TransitWebService.swift */,
			);
			path = "Data sources";
			sourceTree = "<group>";
		};
		5F728EA3232B982800ECA799 /* View */ = {
			isa = PBXGroup;
			children = (
				5FFA4527233B785E00EB2237 /* Control */,
				5FADAC332327E5CA00316A55 /* LocationTableViewCell.swift */,
				5FB3B44D23350D1200205719 /* TransitItineraryTableViewCell.swift */,
			);
			path = View;
			sourceTree = "<group>";
		};
		5FA66EEC231FA92700A23B14 = {
			isa = PBXGroup;
			children = (
				5FA66EF7231FA92700A23B14 /* tdb_propositionSolution */,
				5FA66F0E231FA92A00A23B14 /* tdb_propositionSolutionTests */,
				5FA66EF6231FA92700A23B14 /* Products */,
				420DDE9EAB0449B3967C4622 /* Pods */,
				574C96907A66F9744D322A51 /* Frameworks */,
			);
			sourceTree = "<group>";
		};
		5FA66EF6231FA92700A23B14 /* Products */ = {
			isa = PBXGroup;
			children = (
				5FA66EF5231FA92700A23B14 /* tdb_propositionSolution.app */,
				5FA66F0B231FA92A00A23B14 /* tdb_propositionSolutionTests.xctest */,
			);
			name = Products;
			sourceTree = "<group>";
		};
		5FA66EF7231FA92700A23B14 /* tdb_propositionSolution */ = {
			isa = PBXGroup;
			children = (
				5F6BAB60233A46150089D5A8 /* Extensions */,
				5F713ADA2333A19E00C2C8CC /* Supporting files */,
				5F713AD92333A17900C2C8CC /* Ressources */,
				5F713AD82333A14C00C2C8CC /* Controllers */,
				5FE8DCD6232BCF4B00558A3C /* Model */,
				5F728EA3232B982800ECA799 /* View */,
				5FA66EFA231FA92700A23B14 /* SceneDelegate.swift */,
				5FA66EF8231FA92700A23B14 /* AppDelegate.swift */,
			);
			path = tdb_propositionSolution;
			sourceTree = "<group>";
		};
		5FA66F0E231FA92A00A23B14 /* tdb_propositionSolutionTests */ = {
			isa = PBXGroup;
			children = (
				5FA66F0F231FA92A00A23B14 /* tdb_propositionSolutionTests.swift */,
				5FA66F11231FA92A00A23B14 /* Info.plist */,
			);
			path = tdb_propositionSolutionTests;
			sourceTree = "<group>";
		};
		5FE8DCD6232BCF4B00558A3C /* Model */ = {
			isa = PBXGroup;
			children = (
				5F713AE62333B01200C2C8CC /* Data sources */,
				5FADAC2F2327E16D00316A55 /* Location.swift */,
				5F252B54232F79AB0050546E /* Itinerary.swift */,
				5F713ADD2333A75900C2C8CC /* CarItinerary.swift */,
				5F713ADF2333A77400C2C8CC /* TransitItinerary.swift */,
				5FB3B4452334C84D00205719 /* ItinerariesList.swift */,
				5FB3B4432334C83B00205719 /* CarItinerariesList.swift */,
				5FB3B4412334C06300205719 /* TransitItinerariesList.swift */,
				5F6BAB5C233A3B5B0089D5A8 /* TransitLineColorsList.swift */,
				5F6BAB63233A60670089D5A8 /* TransitLine.swift */,
			);
			path = Model;
			sourceTree = "<group>";
		};
		5FFA4527233B785E00EB2237 /* Control */ = {
			isa = PBXGroup;
			children = (
				5FB3B4492335023400205719 /* GoButtonControl.swift */,
				5F6BAB562338BB780089D5A8 /* TransitStepControl.swift */,
				5F6BAB5E233A41570089D5A8 /* TransitLineControl.swift */,
			);
			path = Control;
			sourceTree = "<group>";
		};
/* End PBXGroup section */

/* Begin PBXNativeTarget section */
		5FA66EF4231FA92700A23B14 /* tdb_propositionSolution */ = {
			isa = PBXNativeTarget;
			buildConfigurationList = 5FA66F14231FA92A00A23B14 /* Build configuration list for PBXNativeTarget "tdb_propositionSolution" */;
			buildPhases = (
				A9DC973483B76110EA20AE2F /* [CP] Check Pods Manifest.lock */,
				5FA66EF1231FA92700A23B14 /* Sources */,
				5FA66EF2231FA92700A23B14 /* Frameworks */,
				5FA66EF3231FA92700A23B14 /* Resources */,
				8E902F1E97EB8B8D5B0BF570 /* [CP] Embed Pods Frameworks */,
			);
			buildRules = (
			);
			dependencies = (
			);
			name = tdb_propositionSolution;
			productName = tdb_propositionSolution;
			productReference = 5FA66EF5231FA92700A23B14 /* tdb_propositionSolution.app */;
			productType = "com.apple.product-type.application";
		};
		5FA66F0A231FA92A00A23B14 /* tdb_propositionSolutionTests */ = {
			isa = PBXNativeTarget;
			buildConfigurationList = 5FA66F17231FA92A00A23B14 /* Build configuration list for PBXNativeTarget "tdb_propositionSolutionTests" */;
			buildPhases = (
				5FA66F07231FA92A00A23B14 /* Sources */,
				5FA66F08231FA92A00A23B14 /* Frameworks */,
				5FA66F09231FA92A00A23B14 /* Resources */,
			);
			buildRules = (
			);
			dependencies = (
				5FA66F0D231FA92A00A23B14 /* PBXTargetDependency */,
			);
			name = tdb_propositionSolutionTests;
			productName = tdb_propositionSolutionTests;
			productReference = 5FA66F0B231FA92A00A23B14 /* tdb_propositionSolutionTests.xctest */;
			productType = "com.apple.product-type.bundle.unit-test";
		};
/* End PBXNativeTarget section */

/* Begin PBXProject section */
		5FA66EED231FA92700A23B14 /* Project object */ = {
			isa = PBXProject;
			attributes = {
				LastSwiftUpdateCheck = 1100;
				LastUpgradeCheck = 1100;
				ORGANIZATIONNAME = "Olivier Chevallier";
				TargetAttributes = {
					5FA66EF4231FA92700A23B14 = {
						CreatedOnToolsVersion = 11.0;
					};
					5FA66F0A231FA92A00A23B14 = {
						CreatedOnToolsVersion = 11.0;
						TestTargetID = 5FA66EF4231FA92700A23B14;
					};
				};
			};
			buildConfigurationList = 5FA66EF0231FA92700A23B14 /* Build configuration list for PBXProject "tdb_propositionSolution" */;
			compatibilityVersion = "Xcode 9.3";
			developmentRegion = en;
			hasScannedForEncodings = 0;
			knownRegions = (
				en,
				Base,
			);
			mainGroup = 5FA66EEC231FA92700A23B14;
			productRefGroup = 5FA66EF6231FA92700A23B14 /* Products */;
			projectDirPath = "";
			projectRoot = "";
			targets = (
				5FA66EF4231FA92700A23B14 /* tdb_propositionSolution */,
				5FA66F0A231FA92A00A23B14 /* tdb_propositionSolutionTests */,
			);
		};
/* End PBXProject section */

/* Begin PBXResourcesBuildPhase section */
		5FA66EF3231FA92700A23B14 /* Resources */ = {
			isa = PBXResourcesBuildPhase;
			buildActionMask = 2147483647;
			files = (
				5FA66F05231FA92A00A23B14 /* LaunchScreen.storyboard in Resources */,
				5FA66F02231FA92A00A23B14 /* Assets.xcassets in Resources */,
				5FA66F00231FA92700A23B14 /* Main.storyboard in Resources */,
			);
			runOnlyForDeploymentPostprocessing = 0;
		};
		5FA66F09231FA92A00A23B14 /* Resources */ = {
			isa = PBXResourcesBuildPhase;
			buildActionMask = 2147483647;
			files = (
			);
			runOnlyForDeploymentPostprocessing = 0;
		};
/* End PBXResourcesBuildPhase section */

/* Begin PBXShellScriptBuildPhase section */
		8E902F1E97EB8B8D5B0BF570 /* [CP] Embed Pods Frameworks */ = {
			isa = PBXShellScriptBuildPhase;
			buildActionMask = 2147483647;
			files = (
			);
			inputFileListPaths = (
				"${PODS_ROOT}/Target Support Files/Pods-tdb_propositionSolution/Pods-tdb_propositionSolution-frameworks-${CONFIGURATION}-input-files.xcfilelist",
			);
			name = "[CP] Embed Pods Frameworks";
			outputFileListPaths = (
				"${PODS_ROOT}/Target Support Files/Pods-tdb_propositionSolution/Pods-tdb_propositionSolution-frameworks-${CONFIGURATION}-output-files.xcfilelist",
			);
			runOnlyForDeploymentPostprocessing = 0;
			shellPath = /bin/sh;
			shellScript = "\"${PODS_ROOT}/Target Support Files/Pods-tdb_propositionSolution/Pods-tdb_propositionSolution-frameworks.sh\"\n";
			showEnvVarsInLog = 0;
		};
		A9DC973483B76110EA20AE2F /* [CP] Check Pods Manifest.lock */ = {
			isa = PBXShellScriptBuildPhase;
			buildActionMask = 2147483647;
			files = (
			);
			inputFileListPaths = (
			);
			inputPaths = (
				"${PODS_PODFILE_DIR_PATH}/Podfile.lock",
				"${PODS_ROOT}/Manifest.lock",
			);
			name = "[CP] Check Pods Manifest.lock";
			outputFileListPaths = (
			);
			outputPaths = (
				"$(DERIVED_FILE_DIR)/Pods-tdb_propositionSolution-checkManifestLockResult.txt",
			);
			runOnlyForDeploymentPostprocessing = 0;
			shellPath = /bin/sh;
			shellScript = "diff \"${PODS_PODFILE_DIR_PATH}/Podfile.lock\" \"${PODS_ROOT}/Manifest.lock\" > /dev/null\nif [ $? != 0 ] ; then\n    # print error to STDERR\n    echo \"error: The sandbox is not in sync with the Podfile.lock. Run 'pod install' or update your CocoaPods installation.\" >&2\n    exit 1\nfi\n# This output is used by Xcode 'outputs' to avoid re-running this script phase.\necho \"SUCCESS\" > \"${SCRIPT_OUTPUT_FILE_0}\"\n";
			showEnvVarsInLog = 0;
		};
/* End PBXShellScriptBuildPhase section */

/* Begin PBXSourcesBuildPhase section */
		5FA66EF1231FA92700A23B14 /* Sources */ = {
			isa = PBXSourcesBuildPhase;
			buildActionMask = 2147483647;
			files = (
				5FB3B4462334C84D00205719 /* ItinerariesList.swift in Sources */,
				5F6BAB5D233A3B5B0089D5A8 /* TransitLineColorsList.swift in Sources */,
				5F713ADC2333A3B300C2C8CC /* Network.swift in Sources */,
				5F713AE02333A77400C2C8CC /* TransitItinerary.swift in Sources */,
				5FA66EFD231FA92700A23B14 /* MapViewController.swift in Sources */,
				5FADAC342327E5CA00316A55 /* LocationTableViewCell.swift in Sources */,
				5FB3B4442334C83B00205719 /* CarItinerariesList.swift in Sources */,
				5FADAC3823291C1D00316A55 /* LocationTableViewController.swift in Sources */,
				5F713AE82333B04B00C2C8CC /* CarWebService.swift in Sources */,
				5F713AE32333AFDB00C2C8CC /* TransitWebService.swift in Sources */,
				5FFA4528233B805900EB2237 /* TransitStepControl.swift in Sources */,
				5F6BAB64233A60670089D5A8 /* TransitLine.swift in Sources */,
				5FA66EF9231FA92700A23B14 /* AppDelegate.swift in Sources */,
				5F713ADE2333A75900C2C8CC /* CarItinerary.swift in Sources */,
				5F6BAB5F233A41570089D5A8 /* TransitLineControl.swift in Sources */,
				5FB3B44C23350CC900205719 /* TransitItinerariesTableViewController.swift in Sources */,
				5FB3B4422334C06300205719 /* TransitItinerariesList.swift in Sources */,
				5FADAC302327E16D00316A55 /* Location.swift in Sources */,
				5F6BAB62233A46430089D5A8 /* UIColor+HexInit.swift in Sources */,
				5FB3B44E23350D1200205719 /* TransitItineraryTableViewCell.swift in Sources */,
				5F252B55232F79AB0050546E /* Itinerary.swift in Sources */,
				5FB3B44A2335023500205719 /* GoButtonControl.swift in Sources */,
				5FA66EFB231FA92700A23B14 /* SceneDelegate.swift in Sources */,
				5F6BAB5B2338FBC90089D5A8 /* TransitItineraryController.swift in Sources */,
				5FB3B4482334E65100205719 /* ItinerariesViewController.swift in Sources */,
			);
			runOnlyForDeploymentPostprocessing = 0;
		};
		5FA66F07231FA92A00A23B14 /* Sources */ = {
			isa = PBXSourcesBuildPhase;
			buildActionMask = 2147483647;
			files = (
				5FA66F10231FA92A00A23B14 /* tdb_propositionSolutionTests.swift in Sources */,
			);
			runOnlyForDeploymentPostprocessing = 0;
		};
/* End PBXSourcesBuildPhase section */

/* Begin PBXTargetDependency section */
		5FA66F0D231FA92A00A23B14 /* PBXTargetDependency */ = {
			isa = PBXTargetDependency;
			target = 5FA66EF4231FA92700A23B14 /* tdb_propositionSolution */;
			targetProxy = 5FA66F0C231FA92A00A23B14 /* PBXContainerItemProxy */;
		};
/* End PBXTargetDependency section */

/* Begin PBXVariantGroup section */
		5FA66EFE231FA92700A23B14 /* Main.storyboard */ = {
			isa = PBXVariantGroup;
			children = (
				5FA66EFF231FA92700A23B14 /* Base */,
			);
			name = Main.storyboard;
			sourceTree = "<group>";
		};
		5FA66F03231FA92A00A23B14 /* LaunchScreen.storyboard */ = {
			isa = PBXVariantGroup;
			children = (
				5FA66F04231FA92A00A23B14 /* Base */,
			);
			name = LaunchScreen.storyboard;
			sourceTree = "<group>";
		};
/* End PBXVariantGroup section */

/* Begin XCBuildConfiguration section */
		5FA66F12231FA92A00A23B14 /* Debug */ = {
			isa = XCBuildConfiguration;
			buildSettings = {
				ALWAYS_SEARCH_USER_PATHS = NO;
				CLANG_ANALYZER_NONNULL = YES;
				CLANG_ANALYZER_NUMBER_OBJECT_CONVERSION = YES_AGGRESSIVE;
				CLANG_CXX_LANGUAGE_STANDARD = "gnu++14";
				CLANG_CXX_LIBRARY = "libc++";
				CLANG_ENABLE_MODULES = YES;
				CLANG_ENABLE_OBJC_ARC = YES;
				CLANG_ENABLE_OBJC_WEAK = YES;
				CLANG_WARN_BLOCK_CAPTURE_AUTORELEASING = YES;
				CLANG_WARN_BOOL_CONVERSION = YES;
				CLANG_WARN_COMMA = YES;
				CLANG_WARN_CONSTANT_CONVERSION = YES;
				CLANG_WARN_DEPRECATED_OBJC_IMPLEMENTATIONS = YES;
				CLANG_WARN_DIRECT_OBJC_ISA_USAGE = YES_ERROR;
				CLANG_WARN_DOCUMENTATION_COMMENTS = YES;
				CLANG_WARN_EMPTY_BODY = YES;
				CLANG_WARN_ENUM_CONVERSION = YES;
				CLANG_WARN_INFINITE_RECURSION = YES;
				CLANG_WARN_INT_CONVERSION = YES;
				CLANG_WARN_NON_LITERAL_NULL_CONVERSION = YES;
				CLANG_WARN_OBJC_IMPLICIT_RETAIN_SELF = YES;
				CLANG_WARN_OBJC_LITERAL_CONVERSION = YES;
				CLANG_WARN_OBJC_ROOT_CLASS = YES_ERROR;
				CLANG_WARN_RANGE_LOOP_ANALYSIS = YES;
				CLANG_WARN_STRICT_PROTOTYPES = YES;
				CLANG_WARN_SUSPICIOUS_MOVE = YES;
				CLANG_WARN_UNGUARDED_AVAILABILITY = YES_AGGRESSIVE;
				CLANG_WARN_UNREACHABLE_CODE = YES;
				CLANG_WARN__DUPLICATE_METHOD_MATCH = YES;
				COPY_PHASE_STRIP = NO;
				DEBUG_INFORMATION_FORMAT = dwarf;
				ENABLE_STRICT_OBJC_MSGSEND = YES;
				ENABLE_TESTABILITY = YES;
				GCC_C_LANGUAGE_STANDARD = gnu11;
				GCC_DYNAMIC_NO_PIC = NO;
				GCC_NO_COMMON_BLOCKS = YES;
				GCC_OPTIMIZATION_LEVEL = 0;
				GCC_PREPROCESSOR_DEFINITIONS = (
					"DEBUG=1",
					"$(inherited)",
				);
				GCC_WARN_64_TO_32_BIT_CONVERSION = YES;
				GCC_WARN_ABOUT_RETURN_TYPE = YES_ERROR;
				GCC_WARN_UNDECLARED_SELECTOR = YES;
				GCC_WARN_UNINITIALIZED_AUTOS = YES_AGGRESSIVE;
				GCC_WARN_UNUSED_FUNCTION = YES;
				GCC_WARN_UNUSED_VARIABLE = YES;
				IPHONEOS_DEPLOYMENT_TARGET = 13.0;
				MTL_ENABLE_DEBUG_INFO = INCLUDE_SOURCE;
				MTL_FAST_MATH = YES;
				ONLY_ACTIVE_ARCH = YES;
				SDKROOT = iphoneos;
				SWIFT_ACTIVE_COMPILATION_CONDITIONS = DEBUG;
				SWIFT_OPTIMIZATION_LEVEL = "-Onone";
			};
			name = Debug;
		};
		5FA66F13231FA92A00A23B14 /* Release */ = {
			isa = XCBuildConfiguration;
			buildSettings = {
				ALWAYS_SEARCH_USER_PATHS = NO;
				CLANG_ANALYZER_NONNULL = YES;
				CLANG_ANALYZER_NUMBER_OBJECT_CONVERSION = YES_AGGRESSIVE;
				CLANG_CXX_LANGUAGE_STANDARD = "gnu++14";
				CLANG_CXX_LIBRARY = "libc++";
				CLANG_ENABLE_MODULES = YES;
				CLANG_ENABLE_OBJC_ARC = YES;
				CLANG_ENABLE_OBJC_WEAK = YES;
				CLANG_WARN_BLOCK_CAPTURE_AUTORELEASING = YES;
				CLANG_WARN_BOOL_CONVERSION = YES;
				CLANG_WARN_COMMA = YES;
				CLANG_WARN_CONSTANT_CONVERSION = YES;
				CLANG_WARN_DEPRECATED_OBJC_IMPLEMENTATIONS = YES;
				CLANG_WARN_DIRECT_OBJC_ISA_USAGE = YES_ERROR;
				CLANG_WARN_DOCUMENTATION_COMMENTS = YES;
				CLANG_WARN_EMPTY_BODY = YES;
				CLANG_WARN_ENUM_CONVERSION = YES;
				CLANG_WARN_INFINITE_RECURSION = YES;
				CLANG_WARN_INT_CONVERSION = YES;
				CLANG_WARN_NON_LITERAL_NULL_CONVERSION = YES;
				CLANG_WARN_OBJC_IMPLICIT_RETAIN_SELF = YES;
				CLANG_WARN_OBJC_LITERAL_CONVERSION = YES;
				CLANG_WARN_OBJC_ROOT_CLASS = YES_ERROR;
				CLANG_WARN_RANGE_LOOP_ANALYSIS = YES;
				CLANG_WARN_STRICT_PROTOTYPES = YES;
				CLANG_WARN_SUSPICIOUS_MOVE = YES;
				CLANG_WARN_UNGUARDED_AVAILABILITY = YES_AGGRESSIVE;
				CLANG_WARN_UNREACHABLE_CODE = YES;
				CLANG_WARN__DUPLICATE_METHOD_MATCH = YES;
				COPY_PHASE_STRIP = NO;
				DEBUG_INFORMATION_FORMAT = "dwarf-with-dsym";
				ENABLE_NS_ASSERTIONS = NO;
				ENABLE_STRICT_OBJC_MSGSEND = YES;
				GCC_C_LANGUAGE_STANDARD = gnu11;
				GCC_NO_COMMON_BLOCKS = YES;
				GCC_WARN_64_TO_32_BIT_CONVERSION = YES;
				GCC_WARN_ABOUT_RETURN_TYPE = YES_ERROR;
				GCC_WARN_UNDECLARED_SELECTOR = YES;
				GCC_WARN_UNINITIALIZED_AUTOS = YES_AGGRESSIVE;
				GCC_WARN_UNUSED_FUNCTION = YES;
				GCC_WARN_UNUSED_VARIABLE = YES;
				IPHONEOS_DEPLOYMENT_TARGET = 13.0;
				MTL_ENABLE_DEBUG_INFO = NO;
				MTL_FAST_MATH = YES;
				SDKROOT = iphoneos;
				SWIFT_COMPILATION_MODE = wholemodule;
				SWIFT_OPTIMIZATION_LEVEL = "-O";
				VALIDATE_PRODUCT = YES;
			};
			name = Release;
		};
		5FA66F15231FA92A00A23B14 /* Debug */ = {
			isa = XCBuildConfiguration;
			baseConfigurationReference = B1E66023352F09DCBF2E7F16 /* Pods-tdb_propositionSolution.debug.xcconfig */;
			buildSettings = {
				ASSETCATALOG_COMPILER_APPICON_NAME = AppIcon;
				CODE_SIGN_STYLE = Automatic;
				DEVELOPMENT_TEAM = TH6JZAS29B;
				INFOPLIST_FILE = "tdb_propositionSolution/Supporting files/Info.plist";
				LD_RUNPATH_SEARCH_PATHS = (
					"$(inherited)",
					"@executable_path/Frameworks",
				);
				PRODUCT_BUNDLE_IDENTIFIER = "olivierchevallier.tdb-propositionSolution";
				PRODUCT_NAME = "$(TARGET_NAME)";
				SWIFT_VERSION = 5.0;
				TARGETED_DEVICE_FAMILY = "1,2";
			};
			name = Debug;
		};
		5FA66F16231FA92A00A23B14 /* Release */ = {
			isa = XCBuildConfiguration;
			baseConfigurationReference = B12E3DFF918C50BCBEE28DD1 /* Pods-tdb_propositionSolution.release.xcconfig */;
			buildSettings = {
				ASSETCATALOG_COMPILER_APPICON_NAME = AppIcon;
				CODE_SIGN_STYLE = Automatic;
				DEVELOPMENT_TEAM = TH6JZAS29B;
				INFOPLIST_FILE = "tdb_propositionSolution/Supporting files/Info.plist";
				LD_RUNPATH_SEARCH_PATHS = (
					"$(inherited)",
					"@executable_path/Frameworks",
				);
				PRODUCT_BUNDLE_IDENTIFIER = "olivierchevallier.tdb-propositionSolution";
				PRODUCT_NAME = "$(TARGET_NAME)";
				SWIFT_VERSION = 5.0;
				TARGETED_DEVICE_FAMILY = "1,2";
			};
			name = Release;
		};
		5FA66F18231FA92A00A23B14 /* Debug */ = {
			isa = XCBuildConfiguration;
			buildSettings = {
				ALWAYS_EMBED_SWIFT_STANDARD_LIBRARIES = YES;
				BUNDLE_LOADER = "$(TEST_HOST)";
				CODE_SIGN_STYLE = Automatic;
				DEVELOPMENT_TEAM = TH6JZAS29B;
				INFOPLIST_FILE = tdb_propositionSolutionTests/Info.plist;
				LD_RUNPATH_SEARCH_PATHS = (
					"$(inherited)",
					"@executable_path/Frameworks",
					"@loader_path/Frameworks",
				);
				PRODUCT_BUNDLE_IDENTIFIER = "olivierchevallier.tdb-propositionSolutionTests";
				PRODUCT_NAME = "$(TARGET_NAME)";
				SWIFT_VERSION = 5.0;
				TARGETED_DEVICE_FAMILY = "1,2";
				TEST_HOST = "$(BUILT_PRODUCTS_DIR)/tdb_propositionSolution.app/tdb_propositionSolution";
			};
			name = Debug;
		};
		5FA66F19231FA92A00A23B14 /* Release */ = {
			isa = XCBuildConfiguration;
			buildSettings = {
				ALWAYS_EMBED_SWIFT_STANDARD_LIBRARIES = YES;
				BUNDLE_LOADER = "$(TEST_HOST)";
				CODE_SIGN_STYLE = Automatic;
				DEVELOPMENT_TEAM = TH6JZAS29B;
				INFOPLIST_FILE = tdb_propositionSolutionTests/Info.plist;
				LD_RUNPATH_SEARCH_PATHS = (
					"$(inherited)",
					"@executable_path/Frameworks",
					"@loader_path/Frameworks",
				);
				PRODUCT_BUNDLE_IDENTIFIER = "olivierchevallier.tdb-propositionSolutionTests";
				PRODUCT_NAME = "$(TARGET_NAME)";
				SWIFT_VERSION = 5.0;
				TARGETED_DEVICE_FAMILY = "1,2";
				TEST_HOST = "$(BUILT_PRODUCTS_DIR)/tdb_propositionSolution.app/tdb_propositionSolution";
			};
			name = Release;
		};
/* End XCBuildConfiguration section */

/* Begin XCConfigurationList section */
		5FA66EF0231FA92700A23B14 /* Build configuration list for PBXProject "tdb_propositionSolution" */ = {
			isa = XCConfigurationList;
			buildConfigurations = (
				5FA66F12231FA92A00A23B14 /* Debug */,
				5FA66F13231FA92A00A23B14 /* Release */,
			);
			defaultConfigurationIsVisible = 0;
			defaultConfigurationName = Release;
		};
		5FA66F14231FA92A00A23B14 /* Build configuration list for PBXNativeTarget "tdb_propositionSolution" */ = {
			isa = XCConfigurationList;
			buildConfigurations = (
				5FA66F15231FA92A00A23B14 /* Debug */,
				5FA66F16231FA92A00A23B14 /* Release */,
			);
			defaultConfigurationIsVisible = 0;
			defaultConfigurationName = Release;
		};
		5FA66F17231FA92A00A23B14 /* Build configuration list for PBXNativeTarget "tdb_propositionSolutionTests" */ = {
			isa = XCConfigurationList;
			buildConfigurations = (
				5FA66F18231FA92A00A23B14 /* Debug */,
				5FA66F19231FA92A00A23B14 /* Release */,
			);
			defaultConfigurationIsVisible = 0;
			defaultConfigurationName = Release;
		};
/* End XCConfigurationList section */
	};
	rootObject = 5FA66EED231FA92700A23B14 /* Project object */;
}
